
Microsoft Visual Studio Solution File, Format Version 12.00
# Visual Studio Version 16
VisualStudioVersion = 16.0.32106.194
MinimumVisualStudioVersion = 10.0.40219.1
Project("{FAE04EC0-301F-11D3-BF4B-00C04F79EFBC}") = "EmailSend", "EmailSend.csproj", "{D6604593-B6E3-475A-86D4-A2115E79EB5C}"
EndProject
Global
	GlobalSection(SolutionConfigurationPlatforms) = preSolution
		Debug|Any CPU = Debug|Any CPU
		Release|Any CPU = Release|Any CPU
	EndGlobalSection
	GlobalSection(ProjectConfigurationPlatforms) = postSolution
		{D6604593-B6E3-475A-86D4-A2115E79EB5C}.Debug|Any CPU.ActiveCfg = Debug|Any CPU
		{D6604593-B6E3-475A-86D4-A2115E79EB5C}.Debug|Any CPU.Build.0 = Debug|Any CPU
		{D6604593-B6E3-475A-86D4-A2115E79EB5C}.Release|Any CPU.ActiveCfg = Release|Any CPU
		{D6604593-B6E3-475A-86D4-A2115E79EB5C}.Release|Any CPU.Build.0 = Release|Any CPU
	EndGlobalSection
	GlobalSection(SolutionProperties) = preSolution
		HideSolutionNode = FALSE
	EndGlobalSection
	GlobalSection(ExtensibilityGlobals) = postSolution
		SolutionGuid = {22500F5C-9C39-4112-9B6F-A0433245D498}
	EndGlobalSection
EndGlobal
